
Microsoft Visual Studio Solution File, Format Version 12.00
# Visual Studio 15
VisualStudioVersion = 15.0.27130.2036
MinimumVisualStudioVersion = 10.0.40219.1
Project("{9A19103F-16F7-4668-BE54-9A1E7A4F7556}") = "Timer.Web.Core", "Timer.Web.Core\Timer.Web.Core.csproj", "{D75134C8-0AF0-469B-84A1-5F40015C187B}"
EndProject
Project("{9A19103F-16F7-4668-BE54-9A1E7A4F7556}") = "Timer.Job", "Timer.Job\Timer.Job.csproj", "{F6E0C591-4E60-456B-B8CF-F10F0B34BA86}"
EndProject
Global
	GlobalSection(SolutionConfigurationPlatforms) = preSolution
		Debug|Any CPU = Debug|Any CPU
		Release|Any CPU = Release|Any CPU
	EndGlobalSection
	GlobalSection(ProjectConfigurationPlatforms) = postSolution
		{D75134C8-0AF0-469B-84A1-5F40015C187B}.Debug|Any CPU.ActiveCfg = Debug|Any CPU
		{D75134C8-0AF0-469B-84A1-5F40015C187B}.Debug|Any CPU.Build.0 = Debug|Any CPU
		{D75134C8-0AF0-469B-84A1-5F40015C187B}.Release|Any CPU.ActiveCfg = Release|Any CPU
		{D75134C8-0AF0-469B-84A1-5F40015C187B}.Release|Any CPU.Build.0 = Release|Any CPU
		{F6E0C591-4E60-456B-B8CF-F10F0B34BA86}.Debug|Any CPU.ActiveCfg = Debug|Any CPU
		{F6E0C591-4E60-456B-B8CF-F10F0B34BA86}.Debug|Any CPU.Build.0 = Debug|Any CPU
		{F6E0C591-4E60-456B-B8CF-F10F0B34BA86}.Release|Any CPU.ActiveCfg = Release|Any CPU
		{F6E0C591-4E60-456B-B8CF-F10F0B34BA86}.Release|Any CPU.Build.0 = Release|Any CPU
	EndGlobalSection
	GlobalSection(SolutionProperties) = preSolution
		HideSolutionNode = FALSE
	EndGlobalSection
	GlobalSection(ExtensibilityGlobals) = postSolution
		SolutionGuid = {E8D911B2-7567-4C38-BE3E-0C07A3806BF2}
	EndGlobalSection
EndGlobal
